
Microsoft Visual Studio Solution File, Format Version 12.00
# Visual Studio Version 17
VisualStudioVersion = 17.4.33213.308
MinimumVisualStudioVersion = 10.0.40219.1
Project("{FAE04EC0-301F-11D3-BF4B-00C04F79EFBC}") = "unilingo", "unilingo\unilingo.csproj", "{DA2F8893-ECED-4B0B-A8B9-CB38D0204CB6}"
EndProject
Global
	GlobalSection(SolutionConfigurationPlatforms) = preSolution
		Debug|Any CPU = Debug|Any CPU
		Release|Any CPU = Release|Any CPU
	EndGlobalSection
	GlobalSection(ProjectConfigurationPlatforms) = postSolution
		{DA2F8893-ECED-4B0B-A8B9-CB38D0204CB6}.Debug|Any CPU.ActiveCfg = Debug|Any CPU
		{DA2F8893-ECED-4B0B-A8B9-CB38D0204CB6}.Debug|Any CPU.Build.0 = Debug|Any CPU
		{DA2F8893-ECED-4B0B-A8B9-CB38D0204CB6}.Release|Any CPU.ActiveCfg = Release|Any CPU
		{DA2F8893-ECED-4B0B-A8B9-CB38D0204CB6}.Release|Any CPU.Build.0 = Release|Any CPU
	EndGlobalSection
	GlobalSection(SolutionProperties) = preSolution
		HideSolutionNode = FALSE
	EndGlobalSection
	GlobalSection(ExtensibilityGlobals) = postSolution
		SolutionGuid = {E6B25CDA-41EA-4ABB-9CB7-2D9F5AF9C59B}
	EndGlobalSection
EndGlobal
